// !$*UTF8*$!
{
	archiveVersion = 1;
	classes = {
	};
	objectVersion = 48;
	objects = {

/* Begin PBXBuildFile section */
		103A5BF61FE6093A002AE5DE /* AppDelegate.swift in Sources */ = {isa = PBXBuildFile; fileRef = 103A5BF51FE6093A002AE5DE /* AppDelegate.swift */; };
		103A5BF81FE6093A002AE5DE /* ViewController.swift in Sources */ = {isa = PBXBuildFile; fileRef = 103A5BF71FE6093A002AE5DE /* ViewController.swift */; };
		103A5BFB1FE6093A002AE5DE /* Main.storyboard in Resources */ = {isa = PBXBuildFile; fileRef = 103A5BF91FE6093A002AE5DE /* Main.storyboard */; };
		103A5BFD1FE6093A002AE5DE /* Assets.xcassets in Resources */ = {isa = PBXBuildFile; fileRef = 103A5BFC1FE6093A002AE5DE /* Assets.xcassets */; };
		103A5C001FE6093A002AE5DE /* LaunchScreen.storyboard in Resources */ = {isa = PBXBuildFile; fileRef = 103A5BFE1FE6093A002AE5DE /* LaunchScreen.storyboard */; };
/* End PBXBuildFile section */

/* Begin PBXFileReference section */
		103A5BF21FE6093A002AE5DE /* Mena Test Project.app */ = {isa = PBXFileReference; explicitFileType = wrapper.application; includeInIndex = 0; path = "Mena Test Project.app"; sourceTree = BUILT_PRODUCTS_DIR; };
		103A5BF51FE6093A002AE5DE /* AppDelegate.swift */ = {isa = PBXFileReference; lastKnownFileType = sourcecode.swift; path = AppDelegate.swift; sourceTree = "<group>"; };
		103A5BF71FE6093A002AE5DE /* ViewController.swift */ = {isa = PBXFileReference; lastKnownFileType = sourcecode.swift; path = ViewController.swift; sourceTree = "<group>"; };
		103A5BFA1FE6093A002AE5DE /* Base */ = {isa = PBXFileReference; lastKnownFileType = file.storyboard; name = Base; path = Base.lproj/Main.storyboard; sourceTree = "<group>"; };
		103A5BFC1FE6093A002AE5DE /* Assets.xcassets */ = {isa = PBXFileReference; lastKnownFileType = folder.assetcatalog; path = Assets.xcassets; sourceTree = "<group>"; };
		103A5BFF1FE6093A002AE5DE /* Base */ = {isa = PBXFileReference; lastKnownFileType = file.storyboard; name = Base; path = Base.lproj/LaunchScreen.storyboard; sourceTree = "<group>"; };
		103A5C011FE6093A002AE5DE /* Info.plist */ = {isa = PBXFileReference; lastKnownFileType = text.plist.xml; path = Info.plist; sourceTree = "<group>"; };
/* End PBXFileReference section */

/* Begin PBXFrameworksBuildPhase section */
		103A5BEF1FE6093A002AE5DE /* Frameworks */ = {
			isa = PBXFrameworksBuildPhase;
			buildActionMask = 2147483647;
			files = (
			);
			runOnlyForDeploymentPostprocessing = 0;
		};
/* End PBXFrameworksBuildPhase section */

/* Begin PBXGroup section */
		103A5BE91FE6093A002AE5DE = {
			isa = PBXGroup;
			children = (
				103A5BF41FE6093A002AE5DE /* Mena Test Project */,
				103A5BF31FE6093A002AE5DE /* Products */,
			);
			sourceTree = "<group>";
		};
		103A5BF31FE6093A002AE5DE /* Products */ = {
			isa = PBXGroup;
			children = (
				103A5BF21FE6093A002AE5DE /* Mena Test Project.app */,
			);
			name = Products;
			sourceTree = "<group>";
		};
		103A5BF41FE6093A002AE5DE /* Mena Test Project */ = {
			isa = PBXGroup;
			children = (
				103A5BF51FE6093A002AE5DE /* AppDelegate.swift */,
				103A5BF71FE6093A002AE5DE /* ViewController.swift */,
				103A5BF91FE6093A002AE5DE /* Main.storyboard */,
				103A5BFC1FE6093A002AE5DE /* Assets.xcassets */,
				103A5BFE1FE6093A002AE5DE /* LaunchScreen.storyboard */,
				103A5C011FE6093A002AE5DE /* Info.plist */,
			);
			path = "Mena Test Project";
			sourceTree = "<group>";
		};
/* End PBXGroup section */

/* Begin PBXNativeTarget section */
		103A5BF11FE6093A002AE5DE /* Mena Test Project */ = {
			isa = PBXNativeTarget;
			buildConfigurationList = 103A5C041FE6093A002AE5DE /* Build configuration list for PBXNativeTarget "Mena Test Project" */;
			buildPhases = (
				103A5BEE1FE6093A002AE5DE /* Sources */,
				103A5BEF1FE6093A002AE5DE /* Frameworks */,
				103A5BF01FE6093A002AE5DE /* Resources */,
			);
			buildRules = (
			);
			dependencies = (
			);
			name = "Mena Test Project";
			productName = "Mena Test Project";
			productReference = 103A5BF21FE6093A002AE5DE /* Mena Test Project.app */;
			productType = "com.apple.product-type.application";
		};
/* End PBXNativeTarget section */

/* Begin PBXProject section */
		103A5BEA1FE6093A002AE5DE /* Project object */ = {
			isa = PBXProject;
			attributes = {
				LastSwiftUpdateCheck = 0900;
				LastUpgradeCheck = 0900;
				ORGANIZATIONNAME = modacity;
				TargetAttributes = {
					103A5BF11FE6093A002AE5DE = {
						CreatedOnToolsVersion = 9.0;
						ProvisioningStyle = Automatic;
					};
				};
			};
			buildConfigurationList = 103A5BED1FE6093A002AE5DE /* Build configuration list for PBXProject "Mena Test Project" */;
			compatibilityVersion = "Xcode 8.0";
			developmentRegion = en;
			hasScannedForEncodings = 0;
			knownRegions = (
				en,
				Base,
			);
			mainGroup = 103A5BE91FE6093A002AE5DE;
			productRefGroup = 103A5BF31FE6093A002AE5DE /* Products */;
			projectDirPath = "";
			projectRoot = "";
			targets = (
				103A5BF11FE6093A002AE5DE /* Mena Test Project */,
			);
		};
/* End PBXProject section */

/* Begin PBXResourcesBuildPhase section */
		103A5BF01FE6093A002AE5DE /* Resources */ = {
			isa = PBXResourcesBuildPhase;
			buildActionMask = 2147483647;
			files = (
				103A5C001FE6093A002AE5DE /* LaunchScreen.storyboard in Resources */,
				103A5BFD1FE6093A002AE5DE /* Assets.xcassets in Resources */,
				103A5BFB1FE6093A002AE5DE /* Main.storyboard in Resources */,
			);
			runOnlyForDeploymentPostprocessing = 0;
		};
/* End PBXResourcesBuildPhase section */

/* Begin PBXSourcesBuildPhase section */
		103A5BEE1FE6093A002AE5DE /* Sources */ = {
			isa = PBXSourcesBuildPhase;
			buildActionMask = 2147483647;
			files = (
				103A5BF81FE6093A002AE5DE /* ViewController.swift in Sources */,
				103A5BF61FE6093A002AE5DE /* AppDelegate.swift in Sources */,
			);
			runOnlyForDeploymentPostprocessing = 0;
		};
/* End PBXSourcesBuildPhase section */

/* Begin PBXVariantGroup section */
		103A5BF91FE6093A002AE5DE /* Main.storyboard */ = {
			isa = PBXVariantGroup;
			children = (
				103A5BFA1FE6093A002AE5DE /* Base */,
			);
			name = Main.storyboard;
			sourceTree = "<group>";
		};
		103A5BFE1FE6093A002AE5DE /* LaunchScreen.storyboard */ = {
			isa = PBXVariantGroup;
			children = (
				103A5BFF1FE6093A002AE5DE /* Base */,
			);
			name = LaunchScreen.storyboard;
			sourceTree = "<group>";
		};
/* End PBXVariantGroup section */

/* Begin XCBuildConfiguration section */
		103A5C021FE6093A002AE5DE /* Debug */ = {
			isa = XCBuildConfiguration;
			buildSettings = {
				ALWAYS_SEARCH_USER_PATHS = NO;
				CLANG_ANALYZER_NONNULL = YES;
				CLANG_ANALYZER_NUMBER_OBJECT_CONVERSION = YES_AGGRESSIVE;
				CLANG_CXX_LANGUAGE_STANDARD = "gnu++14";
				CLANG_CXX_LIBRARY = "libc++";
				CLANG_ENABLE_MODULES = YES;
				CLANG_ENABLE_OBJC_ARC = YES;
				CLANG_WARN_BLOCK_CAPTURE_AUTORELEASING = YES;
				CLANG_WARN_BOOL_CONVERSION = YES;
				CLANG_WARN_COMMA = YES;
				CLANG_WARN_CONSTANT_CONVERSION = YES;
				CLANG_WARN_DIRECT_OBJC_ISA_USAGE = YES_ERROR;
				CLANG_WARN_DOCUMENTATION_COMMENTS = YES;
				CLANG_WARN_EMPTY_BODY = YES;
				CLANG_WARN_ENUM_CONVERSION = YES;
				CLANG_WARN_INFINITE_RECURSION = YES;
				CLANG_WARN_INT_CONVERSION = YES;
				CLANG_WARN_NON_LITERAL_NULL_CONVERSION = YES;
				CLANG_WARN_OBJC_LITERAL_CONVERSION = YES;
				CLANG_WARN_OBJC_ROOT_CLASS = YES_ERROR;
				CLANG_WARN_RANGE_LOOP_ANALYSIS = YES;
				CLANG_WARN_STRICT_PROTOTYPES = YES;
				CLANG_WARN_SUSPICIOUS_MOVE = YES;
				CLANG_WARN_UNGUARDED_AVAILABILITY = YES_AGGRESSIVE;
				CLANG_WARN_UNREACHABLE_CODE = YES;
				CLANG_WARN__DUPLICATE_METHOD_MATCH = YES;
				CODE_SIGN_IDENTITY = "iPhone Developer";
				COPY_PHASE_STRIP = NO;
				DEBUG_INFORMATION_FORMAT = dwarf;
				ENABLE_STRICT_OBJC_MSGSEND = YES;
				ENABLE_TESTABILITY = YES;
				GCC_C_LANGUAGE_STANDARD = gnu11;
				GCC_DYNAMIC_NO_PIC = NO;
				GCC_NO_COMMON_BLOCKS = YES;
				GCC_OPTIMIZATION_LEVEL = 0;
				GCC_PREPROCESSOR_DEFINITIONS = (
					"DEBUG=1",
					"$(inherited)",
				);
				GCC_WARN_64_TO_32_BIT_CONVERSION = YES;
				GCC_WARN_ABOUT_RETURN_TYPE = YES_ERROR;
				GCC_WARN_UNDECLARED_SELECTOR = YES;
				GCC_WARN_UNINITIALIZED_AUTOS = YES_AGGRESSIVE;
				GCC_WARN_UNUSED_FUNCTION = YES;
				GCC_WARN_UNUSED_VARIABLE = YES;
				IPHONEOS_DEPLOYMENT_TARGET = 11.0;
				MTL_ENABLE_DEBUG_INFO = YES;
				ONLY_ACTIVE_ARCH = YES;
				SDKROOT = iphoneos;
				SWIFT_ACTIVE_COMPILATION_CONDITIONS = DEBUG;
				SWIFT_OPTIMIZATION_LEVEL = "-Onone";
			};
			name = Debug;
		};
		103A5C031FE6093A002AE5DE /* Release */ = {
			isa = XCBuildConfiguration;
			buildSettings = {
				ALWAYS_SEARCH_USER_PATHS = NO;
				CLANG_ANALYZER_NONNULL = YES;
				CLANG_ANALYZER_NUMBER_OBJECT_CONVERSION = YES_AGGRESSIVE;
				CLANG_CXX_LANGUAGE_STANDARD = "gnu++14";
				CLANG_CXX_LIBRARY = "libc++";
				CLANG_ENABLE_MODULES = YES;
				CLANG_ENABLE_OBJC_ARC = YES;
				CLANG_WARN_BLOCK_CAPTURE_AUTORELEASING = YES;
				CLANG_WARN_BOOL_CONVERSION = YES;
				CLANG_WARN_COMMA = YES;
				CLANG_WARN_CONSTANT_CONVERSION = YES;
				CLANG_WARN_DIRECT_OBJC_ISA_USAGE = YES_ERROR;
				CLANG_WARN_DOCUMENTATION_COMMENTS = YES;
				CLANG_WARN_EMPTY_BODY = YES;
				CLANG_WARN_ENUM_CONVERSION = YES;
				CLANG_WARN_INFINITE_RECURSION = YES;
				CLANG_WARN_INT_CONVERSION = YES;
				CLANG_WARN_NON_LITERAL_NULL_CONVERSION = YES;
				CLANG_WARN_OBJC_LITERAL_CONVERSION = YES;
				CLANG_WARN_OBJC_ROOT_CLASS = YES_ERROR;
				CLANG_WARN_RANGE_LOOP_ANALYSIS = YES;
				CLANG_WARN_STRICT_PROTOTYPES = YES;
				CLANG_WARN_SUSPICIOUS_MOVE = YES;
				CLANG_WARN_UNGUARDED_AVAILABILITY = YES_AGGRESSIVE;
				CLANG_WARN_UNREACHABLE_CODE = YES;
				CLANG_WARN__DUPLICATE_METHOD_MATCH = YES;
				CODE_SIGN_IDENTITY = "iPhone Developer";
				COPY_PHASE_STRIP = NO;
				DEBUG_INFORMATION_FORMAT = "dwarf-with-dsym";
				ENABLE_NS_ASSERTIONS = NO;
				ENABLE_STRICT_OBJC_MSGSEND = YES;
				GCC_C_LANGUAGE_STANDARD = gnu11;
				GCC_NO_COMMON_BLOCKS = YES;
				GCC_WARN_64_TO_32_BIT_CONVERSION = YES;
				GCC_WARN_ABOUT_RETURN_TYPE = YES_ERROR;
				GCC_WARN_UNDECLARED_SELECTOR = YES;
				GCC_WARN_UNINITIALIZED_AUTOS = YES_AGGRESSIVE;
				GCC_WARN_UNUSED_FUNCTION = YES;
				GCC_WARN_UNUSED_VARIABLE = YES;
				IPHONEOS_DEPLOYMENT_TARGET = 11.0;
				MTL_ENABLE_DEBUG_INFO = NO;
				SDKROOT = iphoneos;
				SWIFT_OPTIMIZATION_LEVEL = "-Owholemodule";
				VALIDATE_PRODUCT = YES;
			};
			name = Release;
		};
		103A5C051FE6093A002AE5DE /* Debug */ = {
			isa = XCBuildConfiguration;
			buildSettings = {
				ASSETCATALOG_COMPILER_APPICON_NAME = AppIcon;
				CODE_SIGN_STYLE = Automatic;
				DEVELOPMENT_TEAM = D226H33SCU;
				INFOPLIST_FILE = "Mena Test Project/Info.plist";
				LD_RUNPATH_SEARCH_PATHS = "$(inherited) @executable_path/Frameworks";
				PRODUCT_BUNDLE_IDENTIFIER = "co.modacity.Mena-Test-Project";
				PRODUCT_NAME = "$(TARGET_NAME)";
				SWIFT_VERSION = 4.0;
				TARGETED_DEVICE_FAMILY = "1,2";
			};
			name = Debug;
		};
		103A5C061FE6093A002AE5DE /* Release */ = {
			isa = XCBuildConfiguration;
			buildSettings = {
				ASSETCATALOG_COMPILER_APPICON_NAME = AppIcon;
				CODE_SIGN_STYLE = Automatic;
				DEVELOPMENT_TEAM = D226H33SCU;
				INFOPLIST_FILE = "Mena Test Project/Info.plist";
				LD_RUNPATH_SEARCH_PATHS = "$(inherited) @executable_path/Frameworks";
				PRODUCT_BUNDLE_IDENTIFIER = "co.modacity.Mena-Test-Project";
				PRODUCT_NAME = "$(TARGET_NAME)";
				SWIFT_VERSION = 4.0;
				TARGETED_DEVICE_FAMILY = "1,2";
			};
			name = Release;
		};
/* End XCBuildConfiguration section */

/* Begin XCConfigurationList section */
		103A5BED1FE6093A002AE5DE /* Build configuration list for PBXProject "Mena Test Project" */ = {
			isa = XCConfigurationList;
			buildConfigurations = (
				103A5C021FE6093A002AE5DE /* Debug */,
				103A5C031FE6093A002AE5DE /* Release */,
			);
			defaultConfigurationIsVisible = 0;
			defaultConfigurationName = Release;
		};
		103A5C041FE6093A002AE5DE /* Build configuration list for PBXNativeTarget "Mena Test Project" */ = {
			isa = XCConfigurationList;
			buildConfigurations = (
				103A5C051FE6093A002AE5DE /* Debug */,
				103A5C061FE6093A002AE5DE /* Release */,
			);
			defaultConfigurationIsVisible = 0;
			defaultConfigurationName = Release;
		};
/* End XCConfigurationList section */
	};
	rootObject = 103A5BEA1FE6093A002AE5DE /* Project object */;
}
